
Microsoft Visual Studio Solution File, Format Version 12.00
# Visual Studio Version 17
VisualStudioVersion = 17.3.32922.545
MinimumVisualStudioVersion = 10.0.40219.1
Project("{FAE04EC0-301F-11D3-BF4B-00C04F79EFBC}") = "NUnitTests", "NUnitTests\NUnitTests.csproj", "{A7A46440-320D-4EFB-84CE-E5AFAC80D8BA}"
EndProject
Project("{FAE04EC0-301F-11D3-BF4B-00C04F79EFBC}") = "MSTestTests", "MSTestTests\MSTestTests.csproj", "{53CFBF85-E73D-41AF-86FC-579D14557C65}"
EndProject
Project("{FAE04EC0-301F-11D3-BF4B-00C04F79EFBC}") = "XUnitTests", "XUnitTests\XUnitTests.csproj", "{C1E100B6-C87E-48D6-BA62-19D4C775972D}"
EndProject
Global
	GlobalSection(SolutionConfigurationPlatforms) = preSolution
		Debug|Any CPU = Debug|Any CPU
		Release|Any CPU = Release|Any CPU
	EndGlobalSection
	GlobalSection(ProjectConfigurationPlatforms) = postSolution
		{A7A46440-320D-4EFB-84CE-E5AFAC80D8BA}.Debug|Any CPU.ActiveCfg = Debug|Any CPU
		{A7A46440-320D-4EFB-84CE-E5AFAC80D8BA}.Debug|Any CPU.Build.0 = Debug|Any CPU
		{A7A46440-320D-4EFB-84CE-E5AFAC80D8BA}.Release|Any CPU.ActiveCfg = Release|Any CPU
		{A7A46440-320D-4EFB-84CE-E5AFAC80D8BA}.Release|Any CPU.Build.0 = Release|Any CPU
		{53CFBF85-E73D-41AF-86FC-579D14557C65}.Debug|Any CPU.ActiveCfg = Debug|Any CPU
		{53CFBF85-E73D-41AF-86FC-579D14557C65}.Debug|Any CPU.Build.0 = Debug|Any CPU
		{53CFBF85-E73D-41AF-86FC-579D14557C65}.Release|Any CPU.ActiveCfg = Release|Any CPU
		{53CFBF85-E73D-41AF-86FC-579D14557C65}.Release|Any CPU.Build.0 = Release|Any CPU
		{C1E100B6-C87E-48D6-BA62-19D4C775972D}.Debug|Any CPU.ActiveCfg = Debug|Any CPU
		{C1E100B6-C87E-48D6-BA62-19D4C775972D}.Debug|Any CPU.Build.0 = Debug|Any CPU
		{C1E100B6-C87E-48D6-BA62-19D4C775972D}.Release|Any CPU.ActiveCfg = Release|Any CPU
		{C1E100B6-C87E-48D6-BA62-19D4C775972D}.Release|Any CPU.Build.0 = Release|Any CPU
	EndGlobalSection
	GlobalSection(SolutionProperties) = preSolution
		HideSolutionNode = FALSE
	EndGlobalSection
	GlobalSection(ExtensibilityGlobals) = postSolution
		SolutionGuid = {E6751620-0F03-4FD9-A00E-EFCDA7F6B74E}
	EndGlobalSection
EndGlobal
